
Microsoft Visual Studio Solution File, Format Version 12.00
# Visual Studio Version 16
VisualStudioVersion = 16.0.29306.81
MinimumVisualStudioVersion = 10.0.40219.1
Project("{9A19103F-16F7-4668-BE54-9A1E7A4F7556}") = "ClassLibrary", "ClassLibrary\ClassLibrary.csproj", "{68DCEA9D-2012-4E55-BC6C-7F5B0A18C7D5}"
EndProject
Project("{FAE04EC0-301F-11D3-BF4B-00C04F79EFBC}") = "ClassLibraryTestProject", "ClassLibraryTestProject\ClassLibraryTestProject.csproj", "{15B3469F-0C0E-4264-897A-FD8AC8E34565}"
EndProject
Project("{FAE04EC0-301F-11D3-BF4B-00C04F79EFBC}") = "StorebaeltTicketLibrary", "StorebaeltTicketLibrary\StorebaeltTicketLibrary.csproj", "{233B0E1B-EB9D-45EA-A2A7-6171C07D32A6}"
EndProject
Project("{FAE04EC0-301F-11D3-BF4B-00C04F79EFBC}") = "OresundTicketLibrary", "OresundTicketLibrary\OresundTicketLibrary.csproj", "{037885A6-5929-42A8-8B31-32ED00DAE6DD}"
EndProject
Global
	GlobalSection(SolutionConfigurationPlatforms) = preSolution
		Debug|Any CPU = Debug|Any CPU
		Release|Any CPU = Release|Any CPU
	EndGlobalSection
	GlobalSection(ProjectConfigurationPlatforms) = postSolution
		{68DCEA9D-2012-4E55-BC6C-7F5B0A18C7D5}.Debug|Any CPU.ActiveCfg = Debug|Any CPU
		{68DCEA9D-2012-4E55-BC6C-7F5B0A18C7D5}.Debug|Any CPU.Build.0 = Debug|Any CPU
		{68DCEA9D-2012-4E55-BC6C-7F5B0A18C7D5}.Release|Any CPU.ActiveCfg = Release|Any CPU
		{68DCEA9D-2012-4E55-BC6C-7F5B0A18C7D5}.Release|Any CPU.Build.0 = Release|Any CPU
		{15B3469F-0C0E-4264-897A-FD8AC8E34565}.Debug|Any CPU.ActiveCfg = Debug|Any CPU
		{15B3469F-0C0E-4264-897A-FD8AC8E34565}.Debug|Any CPU.Build.0 = Debug|Any CPU
		{15B3469F-0C0E-4264-897A-FD8AC8E34565}.Release|Any CPU.ActiveCfg = Release|Any CPU
		{15B3469F-0C0E-4264-897A-FD8AC8E34565}.Release|Any CPU.Build.0 = Release|Any CPU
		{233B0E1B-EB9D-45EA-A2A7-6171C07D32A6}.Debug|Any CPU.ActiveCfg = Debug|Any CPU
		{233B0E1B-EB9D-45EA-A2A7-6171C07D32A6}.Debug|Any CPU.Build.0 = Debug|Any CPU
		{233B0E1B-EB9D-45EA-A2A7-6171C07D32A6}.Release|Any CPU.ActiveCfg = Release|Any CPU
		{233B0E1B-EB9D-45EA-A2A7-6171C07D32A6}.Release|Any CPU.Build.0 = Release|Any CPU
		{037885A6-5929-42A8-8B31-32ED00DAE6DD}.Debug|Any CPU.ActiveCfg = Debug|Any CPU
		{037885A6-5929-42A8-8B31-32ED00DAE6DD}.Debug|Any CPU.Build.0 = Debug|Any CPU
		{037885A6-5929-42A8-8B31-32ED00DAE6DD}.Release|Any CPU.ActiveCfg = Release|Any CPU
		{037885A6-5929-42A8-8B31-32ED00DAE6DD}.Release|Any CPU.Build.0 = Release|Any CPU
	EndGlobalSection
	GlobalSection(SolutionProperties) = preSolution
		HideSolutionNode = FALSE
	EndGlobalSection
	GlobalSection(ExtensibilityGlobals) = postSolution
		SolutionGuid = {DB369C67-9400-4357-8DE2-2A4EE9D05B4E}
	EndGlobalSection
EndGlobal
